// !$*UTF8*$!
{
	archiveVersion = 1;
	classes = {
	};
	objectVersion = 56;
	objects = {

/* Begin PBXBuildFile section */
		08E010CCDEB9DDAE32288077 /* Pods_Instagram.framework in Frameworks */ = {isa = PBXBuildFile; fileRef = 3109E52E792A49D8557FD2BB /* Pods_Instagram.framework */; };
		7007B4282B968897001F0BAA /* DatabaseManager.swift in Sources */ = {isa = PBXBuildFile; fileRef = 7007B4272B968897001F0BAA /* DatabaseManager.swift */; };
		7007B42A2B96897D001F0BAA /* AuthManager.swift in Sources */ = {isa = PBXBuildFile; fileRef = 7007B4292B96897D001F0BAA /* AuthManager.swift */; };
		7007B42C2B9689C3001F0BAA /* StorageManager.swift in Sources */ = {isa = PBXBuildFile; fileRef = 7007B42B2B9689C3001F0BAA /* StorageManager.swift */; };
		7061A6652B967E2A0059356E /* GoogleService-Info.plist in Resources */ = {isa = PBXBuildFile; fileRef = 7061A6642B967E2A0059356E /* GoogleService-Info.plist */; };
		706EF06D2B966B07007A2719 /* AppDelegate.swift in Sources */ = {isa = PBXBuildFile; fileRef = 706EF06C2B966B07007A2719 /* AppDelegate.swift */; };
		706EF06F2B966B07007A2719 /* SceneDelegate.swift in Sources */ = {isa = PBXBuildFile; fileRef = 706EF06E2B966B07007A2719 /* SceneDelegate.swift */; };
		706EF0712B966B07007A2719 /* HomeViewController.swift in Sources */ = {isa = PBXBuildFile; fileRef = 706EF0702B966B07007A2719 /* HomeViewController.swift */; };
		706EF0742B966B07007A2719 /* Main.storyboard in Resources */ = {isa = PBXBuildFile; fileRef = 706EF0722B966B07007A2719 /* Main.storyboard */; };
		706EF0762B966B09007A2719 /* Assets.xcassets in Resources */ = {isa = PBXBuildFile; fileRef = 706EF0752B966B09007A2719 /* Assets.xcassets */; };
		706EF0792B966B09007A2719 /* LaunchScreen.storyboard in Resources */ = {isa = PBXBuildFile; fileRef = 706EF0772B966B09007A2719 /* LaunchScreen.storyboard */; };
		706EF0862B966C6E007A2719 /* ExploreViewController.swift in Sources */ = {isa = PBXBuildFile; fileRef = 706EF0852B966C6E007A2719 /* ExploreViewController.swift */; };
		706EF0882B966C7C007A2719 /* CameraViewController.swift in Sources */ = {isa = PBXBuildFile; fileRef = 706EF0872B966C7C007A2719 /* CameraViewController.swift */; };
		706EF08A2B966C93007A2719 /* NotificationsViewController.swift in Sources */ = {isa = PBXBuildFile; fileRef = 706EF0892B966C93007A2719 /* NotificationsViewController.swift */; };
		706EF08C2B966CA6007A2719 /* ProfileViewController.swift in Sources */ = {isa = PBXBuildFile; fileRef = 706EF08B2B966CA6007A2719 /* ProfileViewController.swift */; };
		706EF0912B966CF5007A2719 /* LoginViewController.swift in Sources */ = {isa = PBXBuildFile; fileRef = 706EF0902B966CF5007A2719 /* LoginViewController.swift */; };
		706EF0932B966CFF007A2719 /* RegistrationViewController.swift in Sources */ = {isa = PBXBuildFile; fileRef = 706EF0922B966CFF007A2719 /* RegistrationViewController.swift */; };
		706EF0952B966D11007A2719 /* PostViewController.swift in Sources */ = {isa = PBXBuildFile; fileRef = 706EF0942B966D11007A2719 /* PostViewController.swift */; };
		706EF0972B966D30007A2719 /* EditProfileViewController.swift in Sources */ = {isa = PBXBuildFile; fileRef = 706EF0962B966D30007A2719 /* EditProfileViewController.swift */; };
		706EF0992B966D39007A2719 /* SettingsViewController.swift in Sources */ = {isa = PBXBuildFile; fileRef = 706EF0982B966D39007A2719 /* SettingsViewController.swift */; };
		706EF09B2B966D48007A2719 /* ListViewController.swift in Sources */ = {isa = PBXBuildFile; fileRef = 706EF09A2B966D48007A2719 /* ListViewController.swift */; };
		706EF09D2B966D57007A2719 /* SearchViewController.swift in Sources */ = {isa = PBXBuildFile; fileRef = 706EF09C2B966D57007A2719 /* SearchViewController.swift */; };
		706EF09F2B966D64007A2719 /* SearchResultViewController.swift in Sources */ = {isa = PBXBuildFile; fileRef = 706EF09E2B966D64007A2719 /* SearchResultViewController.swift */; };
		706EF0A12B966D89007A2719 /* PostEditorViewController.swift in Sources */ = {isa = PBXBuildFile; fileRef = 706EF0A02B966D89007A2719 /* PostEditorViewController.swift */; };
		706EF0A32B966D98007A2719 /* PublishPostViewController.swift in Sources */ = {isa = PBXBuildFile; fileRef = 706EF0A22B966D98007A2719 /* PublishPostViewController.swift */; };
/* End PBXBuildFile section */

/* Begin PBXFileReference section */
		0D1D6C41EDA98DD845A5C441 /* Pods-Instagram.debug.xcconfig */ = {isa = PBXFileReference; includeInIndex = 1; lastKnownFileType = text.xcconfig; name = "Pods-Instagram.debug.xcconfig"; path = "Target Support Files/Pods-Instagram/Pods-Instagram.debug.xcconfig"; sourceTree = "<group>"; };
		1B502ECDAF7FF73ED41FB364 /* Pods-Instagram.release.xcconfig */ = {isa = PBXFileReference; includeInIndex = 1; lastKnownFileType = text.xcconfig; name = "Pods-Instagram.release.xcconfig"; path = "Target Support Files/Pods-Instagram/Pods-Instagram.release.xcconfig"; sourceTree = "<group>"; };
		3109E52E792A49D8557FD2BB /* Pods_Instagram.framework */ = {isa = PBXFileReference; explicitFileType = wrapper.framework; includeInIndex = 0; path = Pods_Instagram.framework; sourceTree = BUILT_PRODUCTS_DIR; };
		7007B4272B968897001F0BAA /* DatabaseManager.swift */ = {isa = PBXFileReference; lastKnownFileType = sourcecode.swift; path = DatabaseManager.swift; sourceTree = "<group>"; };
		7007B4292B96897D001F0BAA /* AuthManager.swift */ = {isa = PBXFileReference; lastKnownFileType = sourcecode.swift; path = AuthManager.swift; sourceTree = "<group>"; };
		7007B42B2B9689C3001F0BAA /* StorageManager.swift */ = {isa = PBXFileReference; lastKnownFileType = sourcecode.swift; path = StorageManager.swift; sourceTree = "<group>"; };
		7061A6642B967E2A0059356E /* GoogleService-Info.plist */ = {isa = PBXFileReference; fileEncoding = 4; lastKnownFileType = text.plist.xml; path = "GoogleService-Info.plist"; sourceTree = "<group>"; };
		706EF0692B966B07007A2719 /* Instagram.app */ = {isa = PBXFileReference; explicitFileType = wrapper.application; includeInIndex = 0; path = Instagram.app; sourceTree = BUILT_PRODUCTS_DIR; };
		706EF06C2B966B07007A2719 /* AppDelegate.swift */ = {isa = PBXFileReference; lastKnownFileType = sourcecode.swift; path = AppDelegate.swift; sourceTree = "<group>"; };
		706EF06E2B966B07007A2719 /* SceneDelegate.swift */ = {isa = PBXFileReference; lastKnownFileType = sourcecode.swift; path = SceneDelegate.swift; sourceTree = "<group>"; };
		706EF0702B966B07007A2719 /* HomeViewController.swift */ = {isa = PBXFileReference; lastKnownFileType = sourcecode.swift; path = HomeViewController.swift; sourceTree = "<group>"; };
		706EF0732B966B07007A2719 /* Base */ = {isa = PBXFileReference; lastKnownFileType = file.storyboard; name = Base; path = Base.lproj/Main.storyboard; sourceTree = "<group>"; };
		706EF0752B966B09007A2719 /* Assets.xcassets */ = {isa = PBXFileReference; lastKnownFileType = folder.assetcatalog; path = Assets.xcassets; sourceTree = "<group>"; };
		706EF0782B966B09007A2719 /* Base */ = {isa = PBXFileReference; lastKnownFileType = file.storyboard; name = Base; path = Base.lproj/LaunchScreen.storyboard; sourceTree = "<group>"; };
		706EF07A2B966B09007A2719 /* Info.plist */ = {isa = PBXFileReference; lastKnownFileType = text.plist.xml; path = Info.plist; sourceTree = "<group>"; };
		706EF0852B966C6E007A2719 /* ExploreViewController.swift */ = {isa = PBXFileReference; lastKnownFileType = sourcecode.swift; path = ExploreViewController.swift; sourceTree = "<group>"; };
		706EF0872B966C7C007A2719 /* CameraViewController.swift */ = {isa = PBXFileReference; lastKnownFileType = sourcecode.swift; path = CameraViewController.swift; sourceTree = "<group>"; };
		706EF0892B966C93007A2719 /* NotificationsViewController.swift */ = {isa = PBXFileReference; lastKnownFileType = sourcecode.swift; path = NotificationsViewController.swift; sourceTree = "<group>"; };
		706EF08B2B966CA6007A2719 /* ProfileViewController.swift */ = {isa = PBXFileReference; lastKnownFileType = sourcecode.swift; path = ProfileViewController.swift; sourceTree = "<group>"; };
		706EF0902B966CF5007A2719 /* LoginViewController.swift */ = {isa = PBXFileReference; lastKnownFileType = sourcecode.swift; path = LoginViewController.swift; sourceTree = "<group>"; };
		706EF0922B966CFF007A2719 /* RegistrationViewController.swift */ = {isa = PBXFileReference; lastKnownFileType = sourcecode.swift; path = RegistrationViewController.swift; sourceTree = "<group>"; };
		706EF0942B966D11007A2719 /* PostViewController.swift */ = {isa = PBXFileReference; lastKnownFileType = sourcecode.swift; path = PostViewController.swift; sourceTree = "<group>"; };
		706EF0962B966D30007A2719 /* EditProfileViewController.swift */ = {isa = PBXFileReference; lastKnownFileType = sourcecode.swift; path = EditProfileViewController.swift; sourceTree = "<group>"; };
		706EF0982B966D39007A2719 /* SettingsViewController.swift */ = {isa = PBXFileReference; lastKnownFileType = sourcecode.swift; path = SettingsViewController.swift; sourceTree = "<group>"; };
		706EF09A2B966D48007A2719 /* ListViewController.swift */ = {isa = PBXFileReference; lastKnownFileType = sourcecode.swift; path = ListViewController.swift; sourceTree = "<group>"; };
		706EF09C2B966D57007A2719 /* SearchViewController.swift */ = {isa = PBXFileReference; lastKnownFileType = sourcecode.swift; path = SearchViewController.swift; sourceTree = "<group>"; };
		706EF09E2B966D64007A2719 /* SearchResultViewController.swift */ = {isa = PBXFileReference; lastKnownFileType = sourcecode.swift; path = SearchResultViewController.swift; sourceTree = "<group>"; };
		706EF0A02B966D89007A2719 /* PostEditorViewController.swift */ = {isa = PBXFileReference; lastKnownFileType = sourcecode.swift; path = PostEditorViewController.swift; sourceTree = "<group>"; };
		706EF0A22B966D98007A2719 /* PublishPostViewController.swift */ = {isa = PBXFileReference; lastKnownFileType = sourcecode.swift; path = PublishPostViewController.swift; sourceTree = "<group>"; };
/* End PBXFileReference section */

/* Begin PBXFrameworksBuildPhase section */
		706EF0662B966B07007A2719 /* Frameworks */ = {
			isa = PBXFrameworksBuildPhase;
			buildActionMask = 2147483647;
			files = (
				08E010CCDEB9DDAE32288077 /* Pods_Instagram.framework in Frameworks */,
			);
			runOnlyForDeploymentPostprocessing = 0;
		};
/* End PBXFrameworksBuildPhase section */

/* Begin PBXGroup section */
		2D5C749289E3111D23314CC3 /* Frameworks */ = {
			isa = PBXGroup;
			children = (
				3109E52E792A49D8557FD2BB /* Pods_Instagram.framework */,
			);
			name = Frameworks;
			sourceTree = "<group>";
		};
		7007B4262B968690001F0BAA /* General */ = {
			isa = PBXGroup;
			children = (
				706EF0942B966D11007A2719 /* PostViewController.swift */,
				706EF0962B966D30007A2719 /* EditProfileViewController.swift */,
				706EF0982B966D39007A2719 /* SettingsViewController.swift */,
				706EF09A2B966D48007A2719 /* ListViewController.swift */,
				706EF09C2B966D57007A2719 /* SearchViewController.swift */,
				706EF09E2B966D64007A2719 /* SearchResultViewController.swift */,
				706EF0A02B966D89007A2719 /* PostEditorViewController.swift */,
				706EF0A22B966D98007A2719 /* PublishPostViewController.swift */,
			);
			path = General;
			sourceTree = "<group>";
		};
		706EF0602B966B07007A2719 = {
			isa = PBXGroup;
			children = (
				706EF06B2B966B07007A2719 /* Instagram */,
				706EF06A2B966B07007A2719 /* Products */,
				DE8CEBA7D008321DFFDB8825 /* Pods */,
				2D5C749289E3111D23314CC3 /* Frameworks */,
			);
			sourceTree = "<group>";
		};
		706EF06A2B966B07007A2719 /* Products */ = {
			isa = PBXGroup;
			children = (
				706EF0692B966B07007A2719 /* Instagram.app */,
			);
			name = Products;
			sourceTree = "<group>";
		};
		706EF06B2B966B07007A2719 /* Instagram */ = {
			isa = PBXGroup;
			children = (
				706EF0832B966B84007A2719 /* Controllers */,
				706EF0822B966B7B007A2719 /* Models */,
				706EF0812B966B6F007A2719 /* Views */,
				706EF0802B966B50007A2719 /* Resources */,
				706EF07A2B966B09007A2719 /* Info.plist */,
			);
			path = Instagram;
			sourceTree = "<group>";
		};
		706EF0802B966B50007A2719 /* Resources */ = {
			isa = PBXGroup;
			children = (
				7061A6642B967E2A0059356E /* GoogleService-Info.plist */,
				706EF06C2B966B07007A2719 /* AppDelegate.swift */,
				706EF06E2B966B07007A2719 /* SceneDelegate.swift */,
				7007B4272B968897001F0BAA /* DatabaseManager.swift */,
				7007B4292B96897D001F0BAA /* AuthManager.swift */,
				7007B42B2B9689C3001F0BAA /* StorageManager.swift */,
			);
			path = Resources;
			sourceTree = "<group>";
		};
		706EF0812B966B6F007A2719 /* Views */ = {
			isa = PBXGroup;
			children = (
				706EF0752B966B09007A2719 /* Assets.xcassets */,
				706EF0842B966BEB007A2719 /* Storyboards */,
			);
			path = Views;
			sourceTree = "<group>";
		};
		706EF0822B966B7B007A2719 /* Models */ = {
			isa = PBXGroup;
			children = (
			);
			path = Models;
			sourceTree = "<group>";
		};
		706EF0832B966B84007A2719 /* Controllers */ = {
			isa = PBXGroup;
			children = (
				706EF08E2B966CDE007A2719 /* Other */,
				706EF08D2B966CAD007A2719 /* Core Tabs */,
			);
			path = Controllers;
			sourceTree = "<group>";
		};
		706EF0842B966BEB007A2719 /* Storyboards */ = {
			isa = PBXGroup;
			children = (
				706EF0722B966B07007A2719 /* Main.storyboard */,
				706EF0772B966B09007A2719 /* LaunchScreen.storyboard */,
			);
			path = Storyboards;
			sourceTree = "<group>";
		};
		706EF08D2B966CAD007A2719 /* Core Tabs */ = {
			isa = PBXGroup;
			children = (
				706EF0702B966B07007A2719 /* HomeViewController.swift */,
				706EF0852B966C6E007A2719 /* ExploreViewController.swift */,
				706EF0872B966C7C007A2719 /* CameraViewController.swift */,
				706EF0892B966C93007A2719 /* NotificationsViewController.swift */,
				706EF08B2B966CA6007A2719 /* ProfileViewController.swift */,
			);
			path = "Core Tabs";
			sourceTree = "<group>";
		};
		706EF08E2B966CDE007A2719 /* Other */ = {
			isa = PBXGroup;
			children = (
				706EF08F2B966CE3007A2719 /* Onboarding */,
				7007B4262B968690001F0BAA /* General */,
			);
			path = Other;
			sourceTree = "<group>";
		};
		706EF08F2B966CE3007A2719 /* Onboarding */ = {
			isa = PBXGroup;
			children = (
				706EF0902B966CF5007A2719 /* LoginViewController.swift */,
				706EF0922B966CFF007A2719 /* RegistrationViewController.swift */,
			);
			path = Onboarding;
			sourceTree = "<group>";
		};
		DE8CEBA7D008321DFFDB8825 /* Pods */ = {
			isa = PBXGroup;
			children = (
				0D1D6C41EDA98DD845A5C441 /* Pods-Instagram.debug.xcconfig */,
				1B502ECDAF7FF73ED41FB364 /* Pods-Instagram.release.xcconfig */,
			);
			path = Pods;
			sourceTree = "<group>";
		};
/* End PBXGroup section */

/* Begin PBXNativeTarget section */
		706EF0682B966B07007A2719 /* Instagram */ = {
			isa = PBXNativeTarget;
			buildConfigurationList = 706EF07D2B966B09007A2719 /* Build configuration list for PBXNativeTarget "Instagram" */;
			buildPhases = (
				9F9E22D4AECD3FD5FB6BCD4A /* [CP] Check Pods Manifest.lock */,
				706EF0652B966B07007A2719 /* Sources */,
				706EF0662B966B07007A2719 /* Frameworks */,
				706EF0672B966B07007A2719 /* Resources */,
				F5F97C610C00652EC1E0B015 /* [CP] Embed Pods Frameworks */,
			);
			buildRules = (
			);
			dependencies = (
			);
			name = Instagram;
			productName = Instagram;
			productReference = 706EF0692B966B07007A2719 /* Instagram.app */;
			productType = "com.apple.product-type.application";
		};
/* End PBXNativeTarget section */

/* Begin PBXProject section */
		706EF0612B966B07007A2719 /* Project object */ = {
			isa = PBXProject;
			attributes = {
				BuildIndependentTargetsInParallel = 1;
				LastSwiftUpdateCheck = 1520;
				LastUpgradeCheck = 1520;
				TargetAttributes = {
					706EF0682B966B07007A2719 = {
						CreatedOnToolsVersion = 15.2;
					};
				};
			};
			buildConfigurationList = 706EF0642B966B07007A2719 /* Build configuration list for PBXProject "Instagram" */;
			compatibilityVersion = "Xcode 14.0";
			developmentRegion = en;
			hasScannedForEncodings = 0;
			knownRegions = (
				en,
				Base,
			);
			mainGroup = 706EF0602B966B07007A2719;
			productRefGroup = 706EF06A2B966B07007A2719 /* Products */;
			projectDirPath = "";
			projectRoot = "";
			targets = (
				706EF0682B966B07007A2719 /* Instagram */,
			);
		};
/* End PBXProject section */

/* Begin PBXResourcesBuildPhase section */
		706EF0672B966B07007A2719 /* Resources */ = {
			isa = PBXResourcesBuildPhase;
			buildActionMask = 2147483647;
			files = (
				706EF0792B966B09007A2719 /* LaunchScreen.storyboard in Resources */,
				706EF0762B966B09007A2719 /* Assets.xcassets in Resources */,
				7061A6652B967E2A0059356E /* GoogleService-Info.plist in Resources */,
				706EF0742B966B07007A2719 /* Main.storyboard in Resources */,
			);
			runOnlyForDeploymentPostprocessing = 0;
		};
/* End PBXResourcesBuildPhase section */

/* Begin PBXShellScriptBuildPhase section */
		9F9E22D4AECD3FD5FB6BCD4A /* [CP] Check Pods Manifest.lock */ = {
			isa = PBXShellScriptBuildPhase;
			buildActionMask = 2147483647;
			files = (
			);
			inputFileListPaths = (
			);
			inputPaths = (
				"${PODS_PODFILE_DIR_PATH}/Podfile.lock",
				"${PODS_ROOT}/Manifest.lock",
			);
			name = "[CP] Check Pods Manifest.lock";
			outputFileListPaths = (
			);
			outputPaths = (
				"$(DERIVED_FILE_DIR)/Pods-Instagram-checkManifestLockResult.txt",
			);
			runOnlyForDeploymentPostprocessing = 0;
			shellPath = /bin/sh;
			shellScript = "diff \"${PODS_PODFILE_DIR_PATH}/Podfile.lock\" \"${PODS_ROOT}/Manifest.lock\" > /dev/null\nif [ $? != 0 ] ; then\n    # print error to STDERR\n    echo \"error: The sandbox is not in sync with the Podfile.lock. Run 'pod install' or update your CocoaPods installation.\" >&2\n    exit 1\nfi\n# This output is used by Xcode 'outputs' to avoid re-running this script phase.\necho \"SUCCESS\" > \"${SCRIPT_OUTPUT_FILE_0}\"\n";
			showEnvVarsInLog = 0;
		};
		F5F97C610C00652EC1E0B015 /* [CP] Embed Pods Frameworks */ = {
			isa = PBXShellScriptBuildPhase;
			buildActionMask = 2147483647;
			files = (
			);
			inputFileListPaths = (
				"${PODS_ROOT}/Target Support Files/Pods-Instagram/Pods-Instagram-frameworks-${CONFIGURATION}-input-files.xcfilelist",
			);
			name = "[CP] Embed Pods Frameworks";
			outputFileListPaths = (
				"${PODS_ROOT}/Target Support Files/Pods-Instagram/Pods-Instagram-frameworks-${CONFIGURATION}-output-files.xcfilelist",
			);
			runOnlyForDeploymentPostprocessing = 0;
			shellPath = /bin/sh;
			shellScript = "\"${PODS_ROOT}/Target Support Files/Pods-Instagram/Pods-Instagram-frameworks.sh\"\n";
			showEnvVarsInLog = 0;
		};
/* End PBXShellScriptBuildPhase section */

/* Begin PBXSourcesBuildPhase section */
		706EF0652B966B07007A2719 /* Sources */ = {
			isa = PBXSourcesBuildPhase;
			buildActionMask = 2147483647;
			files = (
				706EF0972B966D30007A2719 /* EditProfileViewController.swift in Sources */,
				706EF0862B966C6E007A2719 /* ExploreViewController.swift in Sources */,
				706EF0A32B966D98007A2719 /* PublishPostViewController.swift in Sources */,
				706EF0882B966C7C007A2719 /* CameraViewController.swift in Sources */,
				706EF0712B966B07007A2719 /* HomeViewController.swift in Sources */,
				706EF0932B966CFF007A2719 /* RegistrationViewController.swift in Sources */,
				706EF0A12B966D89007A2719 /* PostEditorViewController.swift in Sources */,
				7007B42C2B9689C3001F0BAA /* StorageManager.swift in Sources */,
				706EF0952B966D11007A2719 /* PostViewController.swift in Sources */,
				7007B4282B968897001F0BAA /* DatabaseManager.swift in Sources */,
				706EF08A2B966C93007A2719 /* NotificationsViewController.swift in Sources */,
				706EF09F2B966D64007A2719 /* SearchResultViewController.swift in Sources */,
				706EF0912B966CF5007A2719 /* LoginViewController.swift in Sources */,
				706EF09D2B966D57007A2719 /* SearchViewController.swift in Sources */,
				706EF08C2B966CA6007A2719 /* ProfileViewController.swift in Sources */,
				7007B42A2B96897D001F0BAA /* AuthManager.swift in Sources */,
				706EF06D2B966B07007A2719 /* AppDelegate.swift in Sources */,
				706EF06F2B966B07007A2719 /* SceneDelegate.swift in Sources */,
				706EF09B2B966D48007A2719 /* ListViewController.swift in Sources */,
				706EF0992B966D39007A2719 /* SettingsViewController.swift in Sources */,
			);
			runOnlyForDeploymentPostprocessing = 0;
		};
/* End PBXSourcesBuildPhase section */

/* Begin PBXVariantGroup section */
		706EF0722B966B07007A2719 /* Main.storyboard */ = {
			isa = PBXVariantGroup;
			children = (
				706EF0732B966B07007A2719 /* Base */,
			);
			name = Main.storyboard;
			sourceTree = "<group>";
		};
		706EF0772B966B09007A2719 /* LaunchScreen.storyboard */ = {
			isa = PBXVariantGroup;
			children = (
				706EF0782B966B09007A2719 /* Base */,
			);
			name = LaunchScreen.storyboard;
			sourceTree = "<group>";
		};
/* End PBXVariantGroup section */

/* Begin XCBuildConfiguration section */
		706EF07B2B966B09007A2719 /* Debug */ = {
			isa = XCBuildConfiguration;
			buildSettings = {
				ALWAYS_SEARCH_USER_PATHS = NO;
				ASSETCATALOG_COMPILER_GENERATE_SWIFT_ASSET_SYMBOL_EXTENSIONS = YES;
				CLANG_ANALYZER_NONNULL = YES;
				CLANG_ANALYZER_NUMBER_OBJECT_CONVERSION = YES_AGGRESSIVE;
				CLANG_CXX_LANGUAGE_STANDARD = "gnu++20";
				CLANG_ENABLE_MODULES = YES;
				CLANG_ENABLE_OBJC_ARC = YES;
				CLANG_ENABLE_OBJC_WEAK = YES;
				CLANG_WARN_BLOCK_CAPTURE_AUTORELEASING = YES;
				CLANG_WARN_BOOL_CONVERSION = YES;
				CLANG_WARN_COMMA = YES;
				CLANG_WARN_CONSTANT_CONVERSION = YES;
				CLANG_WARN_DEPRECATED_OBJC_IMPLEMENTATIONS = YES;
				CLANG_WARN_DIRECT_OBJC_ISA_USAGE = YES_ERROR;
				CLANG_WARN_DOCUMENTATION_COMMENTS = YES;
				CLANG_WARN_EMPTY_BODY = YES;
				CLANG_WARN_ENUM_CONVERSION = YES;
				CLANG_WARN_INFINITE_RECURSION = YES;
				CLANG_WARN_INT_CONVERSION = YES;
				CLANG_WARN_NON_LITERAL_NULL_CONVERSION = YES;
				CLANG_WARN_OBJC_IMPLICIT_RETAIN_SELF = YES;
				CLANG_WARN_OBJC_LITERAL_CONVERSION = YES;
				CLANG_WARN_OBJC_ROOT_CLASS = YES_ERROR;
				CLANG_WARN_QUOTED_INCLUDE_IN_FRAMEWORK_HEADER = YES;
				CLANG_WARN_RANGE_LOOP_ANALYSIS = YES;
				CLANG_WARN_STRICT_PROTOTYPES = YES;
				CLANG_WARN_SUSPICIOUS_MOVE = YES;
				CLANG_WARN_UNGUARDED_AVAILABILITY = YES_AGGRESSIVE;
				CLANG_WARN_UNREACHABLE_CODE = YES;
				CLANG_WARN__DUPLICATE_METHOD_MATCH = YES;
				COPY_PHASE_STRIP = NO;
				DEBUG_INFORMATION_FORMAT = dwarf;
				ENABLE_STRICT_OBJC_MSGSEND = YES;
				ENABLE_TESTABILITY = YES;
				ENABLE_USER_SCRIPT_SANDBOXING = YES;
				GCC_C_LANGUAGE_STANDARD = gnu17;
				GCC_DYNAMIC_NO_PIC = NO;
				GCC_NO_COMMON_BLOCKS = YES;
				GCC_OPTIMIZATION_LEVEL = 0;
				GCC_PREPROCESSOR_DEFINITIONS = (
					"DEBUG=1",
					"$(inherited)",
				);
				GCC_WARN_64_TO_32_BIT_CONVERSION = YES;
				GCC_WARN_ABOUT_RETURN_TYPE = YES_ERROR;
				GCC_WARN_UNDECLARED_SELECTOR = YES;
				GCC_WARN_UNINITIALIZED_AUTOS = YES_AGGRESSIVE;
				GCC_WARN_UNUSED_FUNCTION = YES;
				GCC_WARN_UNUSED_VARIABLE = YES;
				IPHONEOS_DEPLOYMENT_TARGET = 17.2;
				LOCALIZATION_PREFERS_STRING_CATALOGS = YES;
				MTL_ENABLE_DEBUG_INFO = INCLUDE_SOURCE;
				MTL_FAST_MATH = YES;
				ONLY_ACTIVE_ARCH = YES;
				SDKROOT = iphoneos;
				SWIFT_ACTIVE_COMPILATION_CONDITIONS = "DEBUG $(inherited)";
				SWIFT_OPTIMIZATION_LEVEL = "-Onone";
			};
			name = Debug;
		};
		706EF07C2B966B09007A2719 /* Release */ = {
			isa = XCBuildConfiguration;
			buildSettings = {
				ALWAYS_SEARCH_USER_PATHS = NO;
				ASSETCATALOG_COMPILER_GENERATE_SWIFT_ASSET_SYMBOL_EXTENSIONS = YES;
				CLANG_ANALYZER_NONNULL = YES;
				CLANG_ANALYZER_NUMBER_OBJECT_CONVERSION = YES_AGGRESSIVE;
				CLANG_CXX_LANGUAGE_STANDARD = "gnu++20";
				CLANG_ENABLE_MODULES = YES;
				CLANG_ENABLE_OBJC_ARC = YES;
				CLANG_ENABLE_OBJC_WEAK = YES;
				CLANG_WARN_BLOCK_CAPTURE_AUTORELEASING = YES;
				CLANG_WARN_BOOL_CONVERSION = YES;
				CLANG_WARN_COMMA = YES;
				CLANG_WARN_CONSTANT_CONVERSION = YES;
				CLANG_WARN_DEPRECATED_OBJC_IMPLEMENTATIONS = YES;
				CLANG_WARN_DIRECT_OBJC_ISA_USAGE = YES_ERROR;
				CLANG_WARN_DOCUMENTATION_COMMENTS = YES;
				CLANG_WARN_EMPTY_BODY = YES;
				CLANG_WARN_ENUM_CONVERSION = YES;
				CLANG_WARN_INFINITE_RECURSION = YES;
				CLANG_WARN_INT_CONVERSION = YES;
				CLANG_WARN_NON_LITERAL_NULL_CONVERSION = YES;
				CLANG_WARN_OBJC_IMPLICIT_RETAIN_SELF = YES;
				CLANG_WARN_OBJC_LITERAL_CONVERSION = YES;
				CLANG_WARN_OBJC_ROOT_CLASS = YES_ERROR;
				CLANG_WARN_QUOTED_INCLUDE_IN_FRAMEWORK_HEADER = YES;
				CLANG_WARN_RANGE_LOOP_ANALYSIS = YES;
				CLANG_WARN_STRICT_PROTOTYPES = YES;
				CLANG_WARN_SUSPICIOUS_MOVE = YES;
				CLANG_WARN_UNGUARDED_AVAILABILITY = YES_AGGRESSIVE;
				CLANG_WARN_UNREACHABLE_CODE = YES;
				CLANG_WARN__DUPLICATE_METHOD_MATCH = YES;
				COPY_PHASE_STRIP = NO;
				DEBUG_INFORMATION_FORMAT = "dwarf-with-dsym";
				ENABLE_NS_ASSERTIONS = NO;
				ENABLE_STRICT_OBJC_MSGSEND = YES;
				ENABLE_USER_SCRIPT_SANDBOXING = YES;
				GCC_C_LANGUAGE_STANDARD = gnu17;
				GCC_NO_COMMON_BLOCKS = YES;
				GCC_WARN_64_TO_32_BIT_CONVERSION = YES;
				GCC_WARN_ABOUT_RETURN_TYPE = YES_ERROR;
				GCC_WARN_UNDECLARED_SELECTOR = YES;
				GCC_WARN_UNINITIALIZED_AUTOS = YES_AGGRESSIVE;
				GCC_WARN_UNUSED_FUNCTION = YES;
				GCC_WARN_UNUSED_VARIABLE = YES;
				IPHONEOS_DEPLOYMENT_TARGET = 17.2;
				LOCALIZATION_PREFERS_STRING_CATALOGS = YES;
				MTL_ENABLE_DEBUG_INFO = NO;
				MTL_FAST_MATH = YES;
				SDKROOT = iphoneos;
				SWIFT_COMPILATION_MODE = wholemodule;
				VALIDATE_PRODUCT = YES;
			};
			name = Release;
		};
		706EF07E2B966B09007A2719 /* Debug */ = {
			isa = XCBuildConfiguration;
			baseConfigurationReference = 0D1D6C41EDA98DD845A5C441 /* Pods-Instagram.debug.xcconfig */;
			buildSettings = {
				ASSETCATALOG_COMPILER_APPICON_NAME = AppIcon;
				ASSETCATALOG_COMPILER_GLOBAL_ACCENT_COLOR_NAME = AccentColor;
				CODE_SIGN_STYLE = Automatic;
				CURRENT_PROJECT_VERSION = 1;
				DEVELOPMENT_TEAM = Z6DC482FV6;
				ENABLE_USER_SCRIPT_SANDBOXING = NO;
				GENERATE_INFOPLIST_FILE = YES;
				INFOPLIST_FILE = Instagram/Info.plist;
				INFOPLIST_KEY_UIApplicationSupportsIndirectInputEvents = YES;
				INFOPLIST_KEY_UILaunchStoryboardName = LaunchScreen;
				INFOPLIST_KEY_UIMainStoryboardFile = Main;
				INFOPLIST_KEY_UISupportedInterfaceOrientations_iPad = "UIInterfaceOrientationPortrait UIInterfaceOrientationPortraitUpsideDown UIInterfaceOrientationLandscapeLeft UIInterfaceOrientationLandscapeRight";
				INFOPLIST_KEY_UISupportedInterfaceOrientations_iPhone = "UIInterfaceOrientationPortrait UIInterfaceOrientationLandscapeLeft UIInterfaceOrientationLandscapeRight";
				LD_RUNPATH_SEARCH_PATHS = (
					"$(inherited)",
					"@executable_path/Frameworks",
				);
				MARKETING_VERSION = 1.0;
				PRODUCT_BUNDLE_IDENTIFIER = "Gleb-Polyakov.Instagram";
				PRODUCT_NAME = "$(TARGET_NAME)";
				SWIFT_EMIT_LOC_STRINGS = YES;
				SWIFT_VERSION = 5.0;
				TARGETED_DEVICE_FAMILY = "1,2";
			};
			name = Debug;
		};
		706EF07F2B966B09007A2719 /* Release */ = {
			isa = XCBuildConfiguration;
			baseConfigurationReference = 1B502ECDAF7FF73ED41FB364 /* Pods-Instagram.release.xcconfig */;
			buildSettings = {
				ASSETCATALOG_COMPILER_APPICON_NAME = AppIcon;
				ASSETCATALOG_COMPILER_GLOBAL_ACCENT_COLOR_NAME = AccentColor;
				CODE_SIGN_STYLE = Automatic;
				CURRENT_PROJECT_VERSION = 1;
				DEVELOPMENT_TEAM = Z6DC482FV6;
				ENABLE_USER_SCRIPT_SANDBOXING = NO;
				GENERATE_INFOPLIST_FILE = YES;
				INFOPLIST_FILE = Instagram/Info.plist;
				INFOPLIST_KEY_UIApplicationSupportsIndirectInputEvents = YES;
				INFOPLIST_KEY_UILaunchStoryboardName = LaunchScreen;
				INFOPLIST_KEY_UIMainStoryboardFile = Main;
				INFOPLIST_KEY_UISupportedInterfaceOrientations_iPad = "UIInterfaceOrientationPortrait UIInterfaceOrientationPortraitUpsideDown UIInterfaceOrientationLandscapeLeft UIInterfaceOrientationLandscapeRight";
				INFOPLIST_KEY_UISupportedInterfaceOrientations_iPhone = "UIInterfaceOrientationPortrait UIInterfaceOrientationLandscapeLeft UIInterfaceOrientationLandscapeRight";
				LD_RUNPATH_SEARCH_PATHS = (
					"$(inherited)",
					"@executable_path/Frameworks",
				);
				MARKETING_VERSION = 1.0;
				PRODUCT_BUNDLE_IDENTIFIER = "Gleb-Polyakov.Instagram";
				PRODUCT_NAME = "$(TARGET_NAME)";
				SWIFT_EMIT_LOC_STRINGS = YES;
				SWIFT_VERSION = 5.0;
				TARGETED_DEVICE_FAMILY = "1,2";
			};
			name = Release;
		};
/* End XCBuildConfiguration section */

/* Begin XCConfigurationList section */
		706EF0642B966B07007A2719 /* Build configuration list for PBXProject "Instagram" */ = {
			isa = XCConfigurationList;
			buildConfigurations = (
				706EF07B2B966B09007A2719 /* Debug */,
				706EF07C2B966B09007A2719 /* Release */,
			);
			defaultConfigurationIsVisible = 0;
			defaultConfigurationName = Release;
		};
		706EF07D2B966B09007A2719 /* Build configuration list for PBXNativeTarget "Instagram" */ = {
			isa = XCConfigurationList;
			buildConfigurations = (
				706EF07E2B966B09007A2719 /* Debug */,
				706EF07F2B966B09007A2719 /* Release */,
			);
			defaultConfigurationIsVisible = 0;
			defaultConfigurationName = Release;
		};
/* End XCConfigurationList section */
	};
	rootObject = 706EF0612B966B07007A2719 /* Project object */;
}
